
Microsoft Visual Studio Solution File, Format Version 12.00
# Visual Studio Version 17
VisualStudioVersion = 17.11.35327.3
MinimumVisualStudioVersion = 10.0.40219.1
Project("{FAE04EC0-301F-11D3-BF4B-00C04F79EFBC}") = "SecondOrderEquations", "SecondOrderEquations\SecondOrderEquations.csproj", "{D3622DDC-34B5-48E3-9BC7-2AE92E90180E}"
EndProject
Project("{FAE04EC0-301F-11D3-BF4B-00C04F79EFBC}") = "SecondOrderEquations.UnitTest", "SecondOrderEquations.UnitTest\SecondOrderEquations.UnitTest.csproj", "{E3ADFDD8-A8EA-4ACC-A713-9A3F1324C493}"
EndProject
Global
	GlobalSection(SolutionConfigurationPlatforms) = preSolution
		Debug|Any CPU = Debug|Any CPU
		Release|Any CPU = Release|Any CPU
	EndGlobalSection
	GlobalSection(ProjectConfigurationPlatforms) = postSolution
		{D3622DDC-34B5-48E3-9BC7-2AE92E90180E}.Debug|Any CPU.ActiveCfg = Debug|Any CPU
		{D3622DDC-34B5-48E3-9BC7-2AE92E90180E}.Debug|Any CPU.Build.0 = Debug|Any CPU
		{D3622DDC-34B5-48E3-9BC7-2AE92E90180E}.Release|Any CPU.ActiveCfg = Release|Any CPU
		{D3622DDC-34B5-48E3-9BC7-2AE92E90180E}.Release|Any CPU.Build.0 = Release|Any CPU
		{E3ADFDD8-A8EA-4ACC-A713-9A3F1324C493}.Debug|Any CPU.ActiveCfg = Debug|Any CPU
		{E3ADFDD8-A8EA-4ACC-A713-9A3F1324C493}.Debug|Any CPU.Build.0 = Debug|Any CPU
		{E3ADFDD8-A8EA-4ACC-A713-9A3F1324C493}.Release|Any CPU.ActiveCfg = Release|Any CPU
		{E3ADFDD8-A8EA-4ACC-A713-9A3F1324C493}.Release|Any CPU.Build.0 = Release|Any CPU
	EndGlobalSection
	GlobalSection(SolutionProperties) = preSolution
		HideSolutionNode = FALSE
	EndGlobalSection
	GlobalSection(ExtensibilityGlobals) = postSolution
		SolutionGuid = {587FAAB4-BD68-41C2-A817-107BE653F741}
	EndGlobalSection
EndGlobal
